// !$*UTF8*$!
{
	archiveVersion = 1;
	classes = {
	};
	objectVersion = 50;
	objects = {

/* Begin PBXBuildFile section */
		E6E35CD72802885700777DEA /* AppDelegate.swift in Sources */ = {isa = PBXBuildFile; fileRef = E6E35CD62802885700777DEA /* AppDelegate.swift */; };
		E6E35CD92802885700777DEA /* SceneDelegate.swift in Sources */ = {isa = PBXBuildFile; fileRef = E6E35CD82802885700777DEA /* SceneDelegate.swift */; };
		E6E35CDB2802885700777DEA /* ViewController.swift in Sources */ = {isa = PBXBuildFile; fileRef = E6E35CDA2802885700777DEA /* ViewController.swift */; };
		E6E35CDE2802885700777DEA /* Main.storyboard in Resources */ = {isa = PBXBuildFile; fileRef = E6E35CDC2802885700777DEA /* Main.storyboard */; };
		E6E35CE02802885F00777DEA /* Assets.xcassets in Resources */ = {isa = PBXBuildFile; fileRef = E6E35CDF2802885F00777DEA /* Assets.xcassets */; };
		E6E35CE32802885F00777DEA /* LaunchScreen.storyboard in Resources */ = {isa = PBXBuildFile; fileRef = E6E35CE12802885F00777DEA /* LaunchScreen.storyboard */; };
		E6E35CEE2802885F00777DEA /* SampleAppTests.swift in Sources */ = {isa = PBXBuildFile; fileRef = E6E35CED2802885F00777DEA /* SampleAppTests.swift */; };
		E6E35CF92802885F00777DEA /* SampleAppUITests.swift in Sources */ = {isa = PBXBuildFile; fileRef = E6E35CF82802885F00777DEA /* SampleAppUITests.swift */; };
/* End PBXBuildFile section */

/* Begin PBXContainerItemProxy section */
		E6E35CEA2802885F00777DEA /* PBXContainerItemProxy */ = {
			isa = PBXContainerItemProxy;
			containerPortal = E6E35CCB2802885700777DEA /* Project object */;
			proxyType = 1;
			remoteGlobalIDString = E6E35CD22802885700777DEA;
			remoteInfo = SampleApp;
		};
		E6E35CF52802885F00777DEA /* PBXContainerItemProxy */ = {
			isa = PBXContainerItemProxy;
			containerPortal = E6E35CCB2802885700777DEA /* Project object */;
			proxyType = 1;
			remoteGlobalIDString = E6E35CD22802885700777DEA;
			remoteInfo = SampleApp;
		};
/* End PBXContainerItemProxy section */

/* Begin PBXFileReference section */
		E6E35CD32802885700777DEA /* SampleApp.app */ = {isa = PBXFileReference; explicitFileType = wrapper.application; includeInIndex = 0; path = SampleApp.app; sourceTree = BUILT_PRODUCTS_DIR; };
		E6E35CD62802885700777DEA /* AppDelegate.swift */ = {isa = PBXFileReference; lastKnownFileType = sourcecode.swift; path = AppDelegate.swift; sourceTree = "<group>"; };
		E6E35CD82802885700777DEA /* SceneDelegate.swift */ = {isa = PBXFileReference; lastKnownFileType = sourcecode.swift; path = SceneDelegate.swift; sourceTree = "<group>"; };
		E6E35CDA2802885700777DEA /* ViewController.swift */ = {isa = PBXFileReference; lastKnownFileType = sourcecode.swift; path = ViewController.swift; sourceTree = "<group>"; };
		E6E35CDD2802885700777DEA /* Base */ = {isa = PBXFileReference; lastKnownFileType = file.storyboard; name = Base; path = Base.lproj/Main.storyboard; sourceTree = "<group>"; };
		E6E35CDF2802885F00777DEA /* Assets.xcassets */ = {isa = PBXFileReference; lastKnownFileType = folder.assetcatalog; path = Assets.xcassets; sourceTree = "<group>"; };
		E6E35CE22802885F00777DEA /* Base */ = {isa = PBXFileReference; lastKnownFileType = file.storyboard; name = Base; path = Base.lproj/LaunchScreen.storyboard; sourceTree = "<group>"; };
		E6E35CE42802885F00777DEA /* Info.plist */ = {isa = PBXFileReference; lastKnownFileType = text.plist.xml; path = Info.plist; sourceTree = "<group>"; };
		E6E35CE92802885F00777DEA /* SampleAppTests.xctest */ = {isa = PBXFileReference; explicitFileType = wrapper.cfbundle; includeInIndex = 0; path = SampleAppTests.xctest; sourceTree = BUILT_PRODUCTS_DIR; };
		E6E35CED2802885F00777DEA /* SampleAppTests.swift */ = {isa = PBXFileReference; lastKnownFileType = sourcecode.swift; path = SampleAppTests.swift; sourceTree = "<group>"; };
		E6E35CEF2802885F00777DEA /* Info.plist */ = {isa = PBXFileReference; lastKnownFileType = text.plist.xml; path = Info.plist; sourceTree = "<group>"; };
		E6E35CF42802885F00777DEA /* SampleAppUITests.xctest */ = {isa = PBXFileReference; explicitFileType = wrapper.cfbundle; includeInIndex = 0; path = SampleAppUITests.xctest; sourceTree = BUILT_PRODUCTS_DIR; };
		E6E35CF82802885F00777DEA /* SampleAppUITests.swift */ = {isa = PBXFileReference; lastKnownFileType = sourcecode.swift; path = SampleAppUITests.swift; sourceTree = "<group>"; };
		E6E35CFA2802885F00777DEA /* Info.plist */ = {isa = PBXFileReference; lastKnownFileType = text.plist.xml; path = Info.plist; sourceTree = "<group>"; };
/* End PBXFileReference section */

/* Begin PBXFrameworksBuildPhase section */
		E6E35CD02802885700777DEA /* Frameworks */ = {
			isa = PBXFrameworksBuildPhase;
			buildActionMask = 2147483647;
			files = (
			);
			runOnlyForDeploymentPostprocessing = 0;
		};
		E6E35CE62802885F00777DEA /* Frameworks */ = {
			isa = PBXFrameworksBuildPhase;
			buildActionMask = 2147483647;
			files = (
			);
			runOnlyForDeploymentPostprocessing = 0;
		};
		E6E35CF12802885F00777DEA /* Frameworks */ = {
			isa = PBXFrameworksBuildPhase;
			buildActionMask = 2147483647;
			files = (
			);
			runOnlyForDeploymentPostprocessing = 0;
		};
/* End PBXFrameworksBuildPhase section */

/* Begin PBXGroup section */
		E6E35CCA2802885700777DEA = {
			isa = PBXGroup;
			children = (
				E6E35CD52802885700777DEA /* SampleApp */,
				E6E35CEC2802885F00777DEA /* SampleAppTests */,
				E6E35CF72802885F00777DEA /* SampleAppUITests */,
				E6E35CD42802885700777DEA /* Products */,
			);
			sourceTree = "<group>";
		};
		E6E35CD42802885700777DEA /* Products */ = {
			isa = PBXGroup;
			children = (
				E6E35CD32802885700777DEA /* SampleApp.app */,
				E6E35CE92802885F00777DEA /* SampleAppTests.xctest */,
				E6E35CF42802885F00777DEA /* SampleAppUITests.xctest */,
			);
			name = Products;
			sourceTree = "<group>";
		};
		E6E35CD52802885700777DEA /* SampleApp */ = {
			isa = PBXGroup;
			children = (
				E6E35CD62802885700777DEA /* AppDelegate.swift */,
				E6E35CD82802885700777DEA /* SceneDelegate.swift */,
				E6E35CDA2802885700777DEA /* ViewController.swift */,
				E6E35CDC2802885700777DEA /* Main.storyboard */,
				E6E35CDF2802885F00777DEA /* Assets.xcassets */,
				E6E35CE12802885F00777DEA /* LaunchScreen.storyboard */,
				E6E35CE42802885F00777DEA /* Info.plist */,
			);
			path = SampleApp;
			sourceTree = "<group>";
		};
		E6E35CEC2802885F00777DEA /* SampleAppTests */ = {
			isa = PBXGroup;
			children = (
				E6E35CED2802885F00777DEA /* SampleAppTests.swift */,
				E6E35CEF2802885F00777DEA /* Info.plist */,
			);
			path = SampleAppTests;
			sourceTree = "<group>";
		};
		E6E35CF72802885F00777DEA /* SampleAppUITests */ = {
			isa = PBXGroup;
			children = (
				E6E35CF82802885F00777DEA /* SampleAppUITests.swift */,
				E6E35CFA2802885F00777DEA /* Info.plist */,
			);
			path = SampleAppUITests;
			sourceTree = "<group>";
		};
/* End PBXGroup section */

/* Begin PBXNativeTarget section */
		E6E35CD22802885700777DEA /* SampleApp */ = {
			isa = PBXNativeTarget;
			buildConfigurationList = E6E35CFD2802885F00777DEA /* Build configuration list for PBXNativeTarget "SampleApp" */;
			buildPhases = (
				E6E35CCF2802885700777DEA /* Sources */,
				E6E35CD02802885700777DEA /* Frameworks */,
				E6E35CD12802885700777DEA /* Resources */,
			);
			buildRules = (
			);
			dependencies = (
			);
			name = SampleApp;
			productName = SampleApp;
			productReference = E6E35CD32802885700777DEA /* SampleApp.app */;
			productType = "com.apple.product-type.application";
		};
		E6E35CE82802885F00777DEA /* SampleAppTests */ = {
			isa = PBXNativeTarget;
			buildConfigurationList = E6E35D002802885F00777DEA /* Build configuration list for PBXNativeTarget "SampleAppTests" */;
			buildPhases = (
				E6E35CE52802885F00777DEA /* Sources */,
				E6E35CE62802885F00777DEA /* Frameworks */,
				E6E35CE72802885F00777DEA /* Resources */,
			);
			buildRules = (
			);
			dependencies = (
				E6E35CEB2802885F00777DEA /* PBXTargetDependency */,
			);
			name = SampleAppTests;
			productName = SampleAppTests;
			productReference = E6E35CE92802885F00777DEA /* SampleAppTests.xctest */;
			productType = "com.apple.product-type.bundle.unit-test";
		};
		E6E35CF32802885F00777DEA /* SampleAppUITests */ = {
			isa = PBXNativeTarget;
			buildConfigurationList = E6E35D032802885F00777DEA /* Build configuration list for PBXNativeTarget "SampleAppUITests" */;
			buildPhases = (
				E6E35CF02802885F00777DEA /* Sources */,
				E6E35CF12802885F00777DEA /* Frameworks */,
				E6E35CF22802885F00777DEA /* Resources */,
			);
			buildRules = (
			);
			dependencies = (
				E6E35CF62802885F00777DEA /* PBXTargetDependency */,
			);
			name = SampleAppUITests;
			productName = SampleAppUITests;
			productReference = E6E35CF42802885F00777DEA /* SampleAppUITests.xctest */;
			productType = "com.apple.product-type.bundle.ui-testing";
		};
/* End PBXNativeTarget section */

/* Begin PBXProject section */
		E6E35CCB2802885700777DEA /* Project object */ = {
			isa = PBXProject;
			attributes = {
				LastSwiftUpdateCheck = 1240;
				LastUpgradeCheck = 1240;
				TargetAttributes = {
					E6E35CD22802885700777DEA = {
						CreatedOnToolsVersion = 12.4;
					};
					E6E35CE82802885F00777DEA = {
						CreatedOnToolsVersion = 12.4;
						TestTargetID = E6E35CD22802885700777DEA;
					};
					E6E35CF32802885F00777DEA = {
						CreatedOnToolsVersion = 12.4;
						TestTargetID = E6E35CD22802885700777DEA;
					};
				};
			};
			buildConfigurationList = E6E35CCE2802885700777DEA /* Build configuration list for PBXProject "SampleApp" */;
			compatibilityVersion = "Xcode 9.3";
			developmentRegion = en;
			hasScannedForEncodings = 0;
			knownRegions = (
				en,
				Base,
			);
			mainGroup = E6E35CCA2802885700777DEA;
			productRefGroup = E6E35CD42802885700777DEA /* Products */;
			projectDirPath = "";
			projectRoot = "";
			targets = (
				E6E35CD22802885700777DEA /* SampleApp */,
				E6E35CE82802885F00777DEA /* SampleAppTests */,
				E6E35CF32802885F00777DEA /* SampleAppUITests */,
			);
		};
/* End PBXProject section */

/* Begin PBXResourcesBuildPhase section */
		E6E35CD12802885700777DEA /* Resources */ = {
			isa = PBXResourcesBuildPhase;
			buildActionMask = 2147483647;
			files = (
				E6E35CE32802885F00777DEA /* LaunchScreen.storyboard in Resources */,
				E6E35CE02802885F00777DEA /* Assets.xcassets in Resources */,
				E6E35CDE2802885700777DEA /* Main.storyboard in Resources */,
			);
			runOnlyForDeploymentPostprocessing = 0;
		};
		E6E35CE72802885F00777DEA /* Resources */ = {
			isa = PBXResourcesBuildPhase;
			buildActionMask = 2147483647;
			files = (
			);
			runOnlyForDeploymentPostprocessing = 0;
		};
		E6E35CF22802885F00777DEA /* Resources */ = {
			isa = PBXResourcesBuildPhase;
			buildActionMask = 2147483647;
			files = (
			);
			runOnlyForDeploymentPostprocessing = 0;
		};
/* End PBXResourcesBuildPhase section */

/* Begin PBXSourcesBuildPhase section */
		E6E35CCF2802885700777DEA /* Sources */ = {
			isa = PBXSourcesBuildPhase;
			buildActionMask = 2147483647;
			files = (
				E6E35CDB2802885700777DEA /* ViewController.swift in Sources */,
				E6E35CD72802885700777DEA /* AppDelegate.swift in Sources */,
				E6E35CD92802885700777DEA /* SceneDelegate.swift in Sources */,
			);
			runOnlyForDeploymentPostprocessing = 0;
		};
		E6E35CE52802885F00777DEA /* Sources */ = {
			isa = PBXSourcesBuildPhase;
			buildActionMask = 2147483647;
			files = (
				E6E35CEE2802885F00777DEA /* SampleAppTests.swift in Sources */,
			);
			runOnlyForDeploymentPostprocessing = 0;
		};
		E6E35CF02802885F00777DEA /* Sources */ = {
			isa = PBXSourcesBuildPhase;
			buildActionMask = 2147483647;
			files = (
				E6E35CF92802885F00777DEA /* SampleAppUITests.swift in Sources */,
			);
			runOnlyForDeploymentPostprocessing = 0;
		};
/* End PBXSourcesBuildPhase section */

/* Begin PBXTargetDependency section */
		E6E35CEB2802885F00777DEA /* PBXTargetDependency */ = {
			isa = PBXTargetDependency;
			target = E6E35CD22802885700777DEA /* SampleApp */;
			targetProxy = E6E35CEA2802885F00777DEA /* PBXContainerItemProxy */;
		};
		E6E35CF62802885F00777DEA /* PBXTargetDependency */ = {
			isa = PBXTargetDependency;
			target = E6E35CD22802885700777DEA /* SampleApp */;
			targetProxy = E6E35CF52802885F00777DEA /* PBXContainerItemProxy */;
		};
/* End PBXTargetDependency section */

/* Begin PBXVariantGroup section */
		E6E35CDC2802885700777DEA /* Main.storyboard */ = {
			isa = PBXVariantGroup;
			children = (
				E6E35CDD2802885700777DEA /* Base */,
			);
			name = Main.storyboard;
			sourceTree = "<group>";
		};
		E6E35CE12802885F00777DEA /* LaunchScreen.storyboard */ = {
			isa = PBXVariantGroup;
			children = (
				E6E35CE22802885F00777DEA /* Base */,
			);
			name = LaunchScreen.storyboard;
			sourceTree = "<group>";
		};
/* End PBXVariantGroup section */

/* Begin XCBuildConfiguration section */
		E6E35CFB2802885F00777DEA /* Debug */ = {
			isa = XCBuildConfiguration;
			buildSettings = {
				ALWAYS_SEARCH_USER_PATHS = NO;
				CLANG_ANALYZER_NONNULL = YES;
				CLANG_ANALYZER_NUMBER_OBJECT_CONVERSION = YES_AGGRESSIVE;
				CLANG_CXX_LANGUAGE_STANDARD = "gnu++14";
				CLANG_CXX_LIBRARY = "libc++";
				CLANG_ENABLE_MODULES = YES;
				CLANG_ENABLE_OBJC_ARC = YES;
				CLANG_ENABLE_OBJC_WEAK = YES;
				CLANG_WARN_BLOCK_CAPTURE_AUTORELEASING = YES;
				CLANG_WARN_BOOL_CONVERSION = YES;
				CLANG_WARN_COMMA = YES;
				CLANG_WARN_CONSTANT_CONVERSION = YES;
				CLANG_WARN_DEPRECATED_OBJC_IMPLEMENTATIONS = YES;
				CLANG_WARN_DIRECT_OBJC_ISA_USAGE = YES_ERROR;
				CLANG_WARN_DOCUMENTATION_COMMENTS = YES;
				CLANG_WARN_EMPTY_BODY = YES;
				CLANG_WARN_ENUM_CONVERSION = YES;
				CLANG_WARN_INFINITE_RECURSION = YES;
				CLANG_WARN_INT_CONVERSION = YES;
				CLANG_WARN_NON_LITERAL_NULL_CONVERSION = YES;
				CLANG_WARN_OBJC_IMPLICIT_RETAIN_SELF = YES;
				CLANG_WARN_OBJC_LITERAL_CONVERSION = YES;
				CLANG_WARN_OBJC_ROOT_CLASS = YES_ERROR;
				CLANG_WARN_QUOTED_INCLUDE_IN_FRAMEWORK_HEADER = YES;
				CLANG_WARN_RANGE_LOOP_ANALYSIS = YES;
				CLANG_WARN_STRICT_PROTOTYPES = YES;
				CLANG_WARN_SUSPICIOUS_MOVE = YES;
				CLANG_WARN_UNGUARDED_AVAILABILITY = YES_AGGRESSIVE;
				CLANG_WARN_UNREACHABLE_CODE = YES;
				CLANG_WARN__DUPLICATE_METHOD_MATCH = YES;
				COPY_PHASE_STRIP = NO;
				DEBUG_INFORMATION_FORMAT = dwarf;
				ENABLE_STRICT_OBJC_MSGSEND = YES;
				ENABLE_TESTABILITY = YES;
				GCC_C_LANGUAGE_STANDARD = gnu11;
				GCC_DYNAMIC_NO_PIC = NO;
				GCC_NO_COMMON_BLOCKS = YES;
				GCC_OPTIMIZATION_LEVEL = 0;
				GCC_PREPROCESSOR_DEFINITIONS = (
					"DEBUG=1",
					"$(inherited)",
				);
				GCC_WARN_64_TO_32_BIT_CONVERSION = YES;
				GCC_WARN_ABOUT_RETURN_TYPE = YES_ERROR;
				GCC_WARN_UNDECLARED_SELECTOR = YES;
				GCC_WARN_UNINITIALIZED_AUTOS = YES_AGGRESSIVE;
				GCC_WARN_UNUSED_FUNCTION = YES;
				GCC_WARN_UNUSED_VARIABLE = YES;
				IPHONEOS_DEPLOYMENT_TARGET = 14.4;
				MTL_ENABLE_DEBUG_INFO = INCLUDE_SOURCE;
				MTL_FAST_MATH = YES;
				ONLY_ACTIVE_ARCH = YES;
				SDKROOT = iphoneos;
				SWIFT_ACTIVE_COMPILATION_CONDITIONS = DEBUG;
				SWIFT_OPTIMIZATION_LEVEL = "-Onone";
			};
			name = Debug;
		};
		E6E35CFC2802885F00777DEA /* Release */ = {
			isa = XCBuildConfiguration;
			buildSettings = {
				ALWAYS_SEARCH_USER_PATHS = NO;
				CLANG_ANALYZER_NONNULL = YES;
				CLANG_ANALYZER_NUMBER_OBJECT_CONVERSION = YES_AGGRESSIVE;
				CLANG_CXX_LANGUAGE_STANDARD = "gnu++14";
				CLANG_CXX_LIBRARY = "libc++";
				CLANG_ENABLE_MODULES = YES;
				CLANG_ENABLE_OBJC_ARC = YES;
				CLANG_ENABLE_OBJC_WEAK = YES;
				CLANG_WARN_BLOCK_CAPTURE_AUTORELEASING = YES;
				CLANG_WARN_BOOL_CONVERSION = YES;
				CLANG_WARN_COMMA = YES;
				CLANG_WARN_CONSTANT_CONVERSION = YES;
				CLANG_WARN_DEPRECATED_OBJC_IMPLEMENTATIONS = YES;
				CLANG_WARN_DIRECT_OBJC_ISA_USAGE = YES_ERROR;
				CLANG_WARN_DOCUMENTATION_COMMENTS = YES;
				CLANG_WARN_EMPTY_BODY = YES;
				CLANG_WARN_ENUM_CONVERSION = YES;
				CLANG_WARN_INFINITE_RECURSION = YES;
				CLANG_WARN_INT_CONVERSION = YES;
				CLANG_WARN_NON_LITERAL_NULL_CONVERSION = YES;
				CLANG_WARN_OBJC_IMPLICIT_RETAIN_SELF = YES;
				CLANG_WARN_OBJC_LITERAL_CONVERSION = YES;
				CLANG_WARN_OBJC_ROOT_CLASS = YES_ERROR;
				CLANG_WARN_QUOTED_INCLUDE_IN_FRAMEWORK_HEADER = YES;
				CLANG_WARN_RANGE_LOOP_ANALYSIS = YES;
				CLANG_WARN_STRICT_PROTOTYPES = YES;
				CLANG_WARN_SUSPICIOUS_MOVE = YES;
				CLANG_WARN_UNGUARDED_AVAILABILITY = YES_AGGRESSIVE;
				CLANG_WARN_UNREACHABLE_CODE = YES;
				CLANG_WARN__DUPLICATE_METHOD_MATCH = YES;
				COPY_PHASE_STRIP = NO;
				DEBUG_INFORMATION_FORMAT = "dwarf-with-dsym";
				ENABLE_NS_ASSERTIONS = NO;
				ENABLE_STRICT_OBJC_MSGSEND = YES;
				GCC_C_LANGUAGE_STANDARD = gnu11;
				GCC_NO_COMMON_BLOCKS = YES;
				GCC_WARN_64_TO_32_BIT_CONVERSION = YES;
				GCC_WARN_ABOUT_RETURN_TYPE = YES_ERROR;
				GCC_WARN_UNDECLARED_SELECTOR = YES;
				GCC_WARN_UNINITIALIZED_AUTOS = YES_AGGRESSIVE;
				GCC_WARN_UNUSED_FUNCTION = YES;
				GCC_WARN_UNUSED_VARIABLE = YES;
				IPHONEOS_DEPLOYMENT_TARGET = 14.4;
				MTL_ENABLE_DEBUG_INFO = NO;
				MTL_FAST_MATH = YES;
				SDKROOT = iphoneos;
				SWIFT_COMPILATION_MODE = wholemodule;
				SWIFT_OPTIMIZATION_LEVEL = "-O";
				VALIDATE_PRODUCT = YES;
			};
			name = Release;
		};
		E6E35CFE2802885F00777DEA /* Debug */ = {
			isa = XCBuildConfiguration;
			buildSettings = {
				ASSETCATALOG_COMPILER_APPICON_NAME = AppIcon;
				ASSETCATALOG_COMPILER_GLOBAL_ACCENT_COLOR_NAME = AccentColor;
				CODE_SIGN_STYLE = Automatic;
				INFOPLIST_FILE = SampleApp/Info.plist;
				LD_RUNPATH_SEARCH_PATHS = (
					"$(inherited)",
					"@executable_path/Frameworks",
				);
				PRODUCT_BUNDLE_IDENTIFIER = com.test.SampleApp;
				PRODUCT_NAME = "$(TARGET_NAME)";
				SWIFT_VERSION = 5.0;
				TARGETED_DEVICE_FAMILY = "1,2";
			};
			name = Debug;
		};
		E6E35CFF2802885F00777DEA /* Release */ = {
			isa = XCBuildConfiguration;
			buildSettings = {
				ASSETCATALOG_COMPILER_APPICON_NAME = AppIcon;
				ASSETCATALOG_COMPILER_GLOBAL_ACCENT_COLOR_NAME = AccentColor;
				CODE_SIGN_STYLE = Automatic;
				INFOPLIST_FILE = SampleApp/Info.plist;
				LD_RUNPATH_SEARCH_PATHS = (
					"$(inherited)",
					"@executable_path/Frameworks",
				);
				PRODUCT_BUNDLE_IDENTIFIER = com.test.SampleApp;
				PRODUCT_NAME = "$(TARGET_NAME)";
				SWIFT_VERSION = 5.0;
				TARGETED_DEVICE_FAMILY = "1,2";
			};
			name = Release;
		};
		E6E35D012802885F00777DEA /* Debug */ = {
			isa = XCBuildConfiguration;
			buildSettings = {
				ALWAYS_EMBED_SWIFT_STANDARD_LIBRARIES = YES;
				BUNDLE_LOADER = "$(TEST_HOST)";
				CODE_SIGN_STYLE = Automatic;
				INFOPLIST_FILE = SampleAppTests/Info.plist;
				IPHONEOS_DEPLOYMENT_TARGET = 14.4;
				LD_RUNPATH_SEARCH_PATHS = (
					"$(inherited)",
					"@executable_path/Frameworks",
					"@loader_path/Frameworks",
				);
				PRODUCT_BUNDLE_IDENTIFIER = com.test.SampleAppTests;
				PRODUCT_NAME = "$(TARGET_NAME)";
				SWIFT_VERSION = 5.0;
				TARGETED_DEVICE_FAMILY = "1,2";
				TEST_HOST = "$(BUILT_PRODUCTS_DIR)/SampleApp.app/SampleApp";
			};
			name = Debug;
		};
		E6E35D022802885F00777DEA /* Release */ = {
			isa = XCBuildConfiguration;
			buildSettings = {
				ALWAYS_EMBED_SWIFT_STANDARD_LIBRARIES = YES;
				BUNDLE_LOADER = "$(TEST_HOST)";
				CODE_SIGN_STYLE = Automatic;
				INFOPLIST_FILE = SampleAppTests/Info.plist;
				IPHONEOS_DEPLOYMENT_TARGET = 14.4;
				LD_RUNPATH_SEARCH_PATHS = (
					"$(inherited)",
					"@executable_path/Frameworks",
					"@loader_path/Frameworks",
				);
				PRODUCT_BUNDLE_IDENTIFIER = com.test.SampleAppTests;
				PRODUCT_NAME = "$(TARGET_NAME)";
				SWIFT_VERSION = 5.0;
				TARGETED_DEVICE_FAMILY = "1,2";
				TEST_HOST = "$(BUILT_PRODUCTS_DIR)/SampleApp.app/SampleApp";
			};
			name = Release;
		};
		E6E35D042802885F00777DEA /* Debug */ = {
			isa = XCBuildConfiguration;
			buildSettings = {
				ALWAYS_EMBED_SWIFT_STANDARD_LIBRARIES = YES;
				CODE_SIGN_STYLE = Automatic;
				INFOPLIST_FILE = SampleAppUITests/Info.plist;
				LD_RUNPATH_SEARCH_PATHS = (
					"$(inherited)",
					"@executable_path/Frameworks",
					"@loader_path/Frameworks",
				);
				PRODUCT_BUNDLE_IDENTIFIER = com.test.SampleAppUITests;
				PRODUCT_NAME = "$(TARGET_NAME)";
				SWIFT_VERSION = 5.0;
				TARGETED_DEVICE_FAMILY = "1,2";
				TEST_TARGET_NAME = SampleApp;
			};
			name = Debug;
		};
		E6E35D052802885F00777DEA /* Release */ = {
			isa = XCBuildConfiguration;
			buildSettings = {
				ALWAYS_EMBED_SWIFT_STANDARD_LIBRARIES = YES;
				CODE_SIGN_STYLE = Automatic;
				INFOPLIST_FILE = SampleAppUITests/Info.plist;
				LD_RUNPATH_SEARCH_PATHS = (
					"$(inherited)",
					"@executable_path/Frameworks",
					"@loader_path/Frameworks",
				);
				PRODUCT_BUNDLE_IDENTIFIER = com.test.SampleAppUITests;
				PRODUCT_NAME = "$(TARGET_NAME)";
				SWIFT_VERSION = 5.0;
				TARGETED_DEVICE_FAMILY = "1,2";
				TEST_TARGET_NAME = SampleApp;
			};
			name = Release;
		};
/* End XCBuildConfiguration section */

/* Begin XCConfigurationList section */
		E6E35CCE2802885700777DEA /* Build configuration list for PBXProject "SampleApp" */ = {
			isa = XCConfigurationList;
			buildConfigurations = (
				E6E35CFB2802885F00777DEA /* Debug */,
				E6E35CFC2802885F00777DEA /* Release */,
			);
			defaultConfigurationIsVisible = 0;
			defaultConfigurationName = Release;
		};
		E6E35CFD2802885F00777DEA /* Build configuration list for PBXNativeTarget "SampleApp" */ = {
			isa = XCConfigurationList;
			buildConfigurations = (
				E6E35CFE2802885F00777DEA /* Debug */,
				E6E35CFF2802885F00777DEA /* Release */,
			);
			defaultConfigurationIsVisible = 0;
			defaultConfigurationName = Release;
		};
		E6E35D002802885F00777DEA /* Build configuration list for PBXNativeTarget "SampleAppTests" */ = {
			isa = XCConfigurationList;
			buildConfigurations = (
				E6E35D012802885F00777DEA /* Debug */,
				E6E35D022802885F00777DEA /* Release */,
			);
			defaultConfigurationIsVisible = 0;
			defaultConfigurationName = Release;
		};
		E6E35D032802885F00777DEA /* Build configuration list for PBXNativeTarget "SampleAppUITests" */ = {
			isa = XCConfigurationList;
			buildConfigurations = (
				E6E35D042802885F00777DEA /* Debug */,
				E6E35D052802885F00777DEA /* Release */,
			);
			defaultConfigurationIsVisible = 0;
			defaultConfigurationName = Release;
		};
/* End XCConfigurationList section */
	};
	rootObject = E6E35CCB2802885700777DEA /* Project object */;
}
